
Microsoft Visual Studio Solution File, Format Version 12.00
# Visual Studio 15
VisualStudioVersion = 15.0.28307.1705
MinimumVisualStudioVersion = 10.0.40219.1
Project("{FAE04EC0-301F-11D3-BF4B-00C04F79EFBC}") = "ConsoleZarAtma", "ConsoleZarAtma\ConsoleZarAtma.csproj", "{A278AB6D-1808-4A5C-90CE-66CDB688A3FA}"
EndProject
Global
	GlobalSection(SolutionConfigurationPlatforms) = preSolution
		Debug|Any CPU = Debug|Any CPU
		Release|Any CPU = Release|Any CPU
	EndGlobalSection
	GlobalSection(ProjectConfigurationPlatforms) = postSolution
		{A278AB6D-1808-4A5C-90CE-66CDB688A3FA}.Debug|Any CPU.ActiveCfg = Debug|Any CPU
		{A278AB6D-1808-4A5C-90CE-66CDB688A3FA}.Debug|Any CPU.Build.0 = Debug|Any CPU
		{A278AB6D-1808-4A5C-90CE-66CDB688A3FA}.Release|Any CPU.ActiveCfg = Release|Any CPU
		{A278AB6D-1808-4A5C-90CE-66CDB688A3FA}.Release|Any CPU.Build.0 = Release|Any CPU
	EndGlobalSection
	GlobalSection(SolutionProperties) = preSolution
		HideSolutionNode = FALSE
	EndGlobalSection
	GlobalSection(ExtensibilityGlobals) = postSolution
		SolutionGuid = {0F60EABE-5C8F-4C1B-899E-797AD4FFAB3E}
	EndGlobalSection
EndGlobal
